// !$*UTF8*$!
{
	archiveVersion = 1;
	classes = {
	};
	objectVersion = 50;
	objects = {

/* Begin PBXBuildFile section */
		846E236A22D3C61A0090FFAB /* AppDelegate.swift in Sources */ = {isa = PBXBuildFile; fileRef = 846E236922D3C61A0090FFAB /* AppDelegate.swift */; };
		846E236F22D3C61A0090FFAB /* Main.storyboard in Resources */ = {isa = PBXBuildFile; fileRef = 846E236D22D3C61A0090FFAB /* Main.storyboard */; };
		846E237122D3C61D0090FFAB /* Assets.xcassets in Resources */ = {isa = PBXBuildFile; fileRef = 846E237022D3C61D0090FFAB /* Assets.xcassets */; };
		846E237422D3C61D0090FFAB /* LaunchScreen.storyboard in Resources */ = {isa = PBXBuildFile; fileRef = 846E237222D3C61D0090FFAB /* LaunchScreen.storyboard */; };
		846E238322D3F5130090FFAB /* HomeViewController.swift in Sources */ = {isa = PBXBuildFile; fileRef = 846E238222D3F5130090FFAB /* HomeViewController.swift */; };
		846E238522D3F5F90090FFAB /* SearchViewController.swift in Sources */ = {isa = PBXBuildFile; fileRef = 846E238422D3F5F90090FFAB /* SearchViewController.swift */; };
		846E238722D404D40090FFAB /* SearchResultsViewController.swift in Sources */ = {isa = PBXBuildFile; fileRef = 846E238622D404D40090FFAB /* SearchResultsViewController.swift */; };
		846E238922D4072B0090FFAB /* GuideCollectionViewCell.swift in Sources */ = {isa = PBXBuildFile; fileRef = 846E238822D4072B0090FFAB /* GuideCollectionViewCell.swift */; };
		846E238B22D4076A0090FFAB /* GuideTableViewCell.swift in Sources */ = {isa = PBXBuildFile; fileRef = 846E238A22D4076A0090FFAB /* GuideTableViewCell.swift */; };
		846E238D22D416590090FFAB /* StarCustomControl.swift in Sources */ = {isa = PBXBuildFile; fileRef = 846E238C22D416590090FFAB /* StarCustomControl.swift */; };
		846E238F22D52F0D0090FFAB /* CreateViewController.swift in Sources */ = {isa = PBXBuildFile; fileRef = 846E238E22D52F0D0090FFAB /* CreateViewController.swift */; };
		846E239122D54D2A0090FFAB /* User.swift in Sources */ = {isa = PBXBuildFile; fileRef = 846E239022D54D2A0090FFAB /* User.swift */; };
		846E239322D54DC60090FFAB /* Guide.swift in Sources */ = {isa = PBXBuildFile; fileRef = 846E239222D54DC60090FFAB /* Guide.swift */; };
		846E239522D54E4F0090FFAB /* Category.swift in Sources */ = {isa = PBXBuildFile; fileRef = 846E239422D54E4F0090FFAB /* Category.swift */; };
		846E239722D551BC0090FFAB /* LoginController.swift in Sources */ = {isa = PBXBuildFile; fileRef = 846E239622D551BC0090FFAB /* LoginController.swift */; };
		846E239B22D565F00090FFAB /* GuideController.swift in Sources */ = {isa = PBXBuildFile; fileRef = 846E239A22D565F00090FFAB /* GuideController.swift */; };
		846E239D22D566010090FFAB /* CategoryController.swift in Sources */ = {isa = PBXBuildFile; fileRef = 846E239C22D566010090FFAB /* CategoryController.swift */; };
		846E239F22D64AAF0090FFAB /* LoginViewController.swift in Sources */ = {isa = PBXBuildFile; fileRef = 846E239E22D64AAF0090FFAB /* LoginViewController.swift */; };
		846E23A122D64ABF0090FFAB /* SignUpViewController.swift in Sources */ = {isa = PBXBuildFile; fileRef = 846E23A022D64ABF0090FFAB /* SignUpViewController.swift */; };
/* End PBXBuildFile section */

/* Begin PBXFileReference section */
		846E236622D3C61A0090FFAB /* How-To.app */ = {isa = PBXFileReference; explicitFileType = wrapper.application; includeInIndex = 0; path = "How-To.app"; sourceTree = BUILT_PRODUCTS_DIR; };
		846E236922D3C61A0090FFAB /* AppDelegate.swift */ = {isa = PBXFileReference; lastKnownFileType = sourcecode.swift; path = AppDelegate.swift; sourceTree = "<group>"; };
		846E236E22D3C61A0090FFAB /* Base */ = {isa = PBXFileReference; lastKnownFileType = file.storyboard; name = Base; path = Base.lproj/Main.storyboard; sourceTree = "<group>"; };
		846E237022D3C61D0090FFAB /* Assets.xcassets */ = {isa = PBXFileReference; lastKnownFileType = folder.assetcatalog; path = Assets.xcassets; sourceTree = "<group>"; };
		846E237322D3C61D0090FFAB /* Base */ = {isa = PBXFileReference; lastKnownFileType = file.storyboard; name = Base; path = Base.lproj/LaunchScreen.storyboard; sourceTree = "<group>"; };
		846E237522D3C61D0090FFAB /* Info.plist */ = {isa = PBXFileReference; lastKnownFileType = text.plist.xml; path = Info.plist; sourceTree = "<group>"; };
		846E238222D3F5130090FFAB /* HomeViewController.swift */ = {isa = PBXFileReference; lastKnownFileType = sourcecode.swift; path = HomeViewController.swift; sourceTree = "<group>"; };
		846E238422D3F5F90090FFAB /* SearchViewController.swift */ = {isa = PBXFileReference; lastKnownFileType = sourcecode.swift; path = SearchViewController.swift; sourceTree = "<group>"; };
		846E238622D404D40090FFAB /* SearchResultsViewController.swift */ = {isa = PBXFileReference; lastKnownFileType = sourcecode.swift; path = SearchResultsViewController.swift; sourceTree = "<group>"; };
		846E238822D4072B0090FFAB /* GuideCollectionViewCell.swift */ = {isa = PBXFileReference; lastKnownFileType = sourcecode.swift; path = GuideCollectionViewCell.swift; sourceTree = "<group>"; };
		846E238A22D4076A0090FFAB /* GuideTableViewCell.swift */ = {isa = PBXFileReference; lastKnownFileType = sourcecode.swift; path = GuideTableViewCell.swift; sourceTree = "<group>"; };
		846E238C22D416590090FFAB /* StarCustomControl.swift */ = {isa = PBXFileReference; lastKnownFileType = sourcecode.swift; path = StarCustomControl.swift; sourceTree = "<group>"; };
		846E238E22D52F0D0090FFAB /* CreateViewController.swift */ = {isa = PBXFileReference; lastKnownFileType = sourcecode.swift; path = CreateViewController.swift; sourceTree = "<group>"; };
		846E239022D54D2A0090FFAB /* User.swift */ = {isa = PBXFileReference; lastKnownFileType = sourcecode.swift; path = User.swift; sourceTree = "<group>"; };
		846E239222D54DC60090FFAB /* Guide.swift */ = {isa = PBXFileReference; lastKnownFileType = sourcecode.swift; path = Guide.swift; sourceTree = "<group>"; };
		846E239422D54E4F0090FFAB /* Category.swift */ = {isa = PBXFileReference; lastKnownFileType = sourcecode.swift; path = Category.swift; sourceTree = "<group>"; };
		846E239622D551BC0090FFAB /* LoginController.swift */ = {isa = PBXFileReference; lastKnownFileType = sourcecode.swift; path = LoginController.swift; sourceTree = "<group>"; };
		846E239A22D565F00090FFAB /* GuideController.swift */ = {isa = PBXFileReference; lastKnownFileType = sourcecode.swift; path = GuideController.swift; sourceTree = "<group>"; };
		846E239C22D566010090FFAB /* CategoryController.swift */ = {isa = PBXFileReference; lastKnownFileType = sourcecode.swift; path = CategoryController.swift; sourceTree = "<group>"; };
		846E239E22D64AAF0090FFAB /* LoginViewController.swift */ = {isa = PBXFileReference; lastKnownFileType = sourcecode.swift; path = LoginViewController.swift; sourceTree = "<group>"; };
		846E23A022D64ABF0090FFAB /* SignUpViewController.swift */ = {isa = PBXFileReference; lastKnownFileType = sourcecode.swift; path = SignUpViewController.swift; sourceTree = "<group>"; };
/* End PBXFileReference section */

/* Begin PBXFrameworksBuildPhase section */
		846E236322D3C61A0090FFAB /* Frameworks */ = {
			isa = PBXFrameworksBuildPhase;
			buildActionMask = 2147483647;
			files = (
			);
			runOnlyForDeploymentPostprocessing = 0;
		};
/* End PBXFrameworksBuildPhase section */

/* Begin PBXGroup section */
		846E235D22D3C61A0090FFAB = {
			isa = PBXGroup;
			children = (
				846E236822D3C61A0090FFAB /* How-To */,
				846E236722D3C61A0090FFAB /* Products */,
			);
			sourceTree = "<group>";
		};
		846E236722D3C61A0090FFAB /* Products */ = {
			isa = PBXGroup;
			children = (
				846E236622D3C61A0090FFAB /* How-To.app */,
			);
			name = Products;
			sourceTree = "<group>";
		};
		846E236822D3C61A0090FFAB /* How-To */ = {
			isa = PBXGroup;
			children = (
				846E237C22D3D1930090FFAB /* Storyboards */,
				846E238022D3D1D30090FFAB /* Models */,
				846E238122D3D1DD0090FFAB /* Controllers */,
				846E237E22D3D1C40090FFAB /* Views */,
				846E237D22D3D1AC0090FFAB /* View Controllers */,
				846E237B22D3D1870090FFAB /* Helpers */,
				846E237F22D3D1CA0090FFAB /* Resources */,
			);
			path = "How-To";
			sourceTree = "<group>";
		};
		846E237B22D3D1870090FFAB /* Helpers */ = {
			isa = PBXGroup;
			children = (
				846E238C22D416590090FFAB /* StarCustomControl.swift */,
			);
			path = Helpers;
			sourceTree = "<group>";
		};
		846E237C22D3D1930090FFAB /* Storyboards */ = {
			isa = PBXGroup;
			children = (
				846E236D22D3C61A0090FFAB /* Main.storyboard */,
				846E237222D3C61D0090FFAB /* LaunchScreen.storyboard */,
			);
			path = Storyboards;
			sourceTree = "<group>";
		};
		846E237D22D3D1AC0090FFAB /* View Controllers */ = {
			isa = PBXGroup;
			children = (
				846E239E22D64AAF0090FFAB /* LoginViewController.swift */,
				846E23A022D64ABF0090FFAB /* SignUpViewController.swift */,
				846E238222D3F5130090FFAB /* HomeViewController.swift */,
				846E238422D3F5F90090FFAB /* SearchViewController.swift */,
				846E238622D404D40090FFAB /* SearchResultsViewController.swift */,
				846E238E22D52F0D0090FFAB /* CreateViewController.swift */,
			);
			path = "View Controllers";
			sourceTree = "<group>";
		};
		846E237E22D3D1C40090FFAB /* Views */ = {
			isa = PBXGroup;
			children = (
				846E238822D4072B0090FFAB /* GuideCollectionViewCell.swift */,
				846E238A22D4076A0090FFAB /* GuideTableViewCell.swift */,
			);
			path = Views;
			sourceTree = "<group>";
		};
		846E237F22D3D1CA0090FFAB /* Resources */ = {
			isa = PBXGroup;
			children = (
				846E236922D3C61A0090FFAB /* AppDelegate.swift */,
				846E237022D3C61D0090FFAB /* Assets.xcassets */,
				846E237522D3C61D0090FFAB /* Info.plist */,
			);
			path = Resources;
			sourceTree = "<group>";
		};
		846E238022D3D1D30090FFAB /* Models */ = {
			isa = PBXGroup;
			children = (
				846E239022D54D2A0090FFAB /* User.swift */,
				846E239222D54DC60090FFAB /* Guide.swift */,
				846E239422D54E4F0090FFAB /* Category.swift */,
			);
			path = Models;
			sourceTree = "<group>";
		};
		846E238122D3D1DD0090FFAB /* Controllers */ = {
			isa = PBXGroup;
			children = (
				846E239622D551BC0090FFAB /* LoginController.swift */,
				846E239A22D565F00090FFAB /* GuideController.swift */,
				846E239C22D566010090FFAB /* CategoryController.swift */,
			);
			path = Controllers;
			sourceTree = "<group>";
		};
/* End PBXGroup section */

/* Begin PBXNativeTarget section */
		846E236522D3C61A0090FFAB /* How-To */ = {
			isa = PBXNativeTarget;
			buildConfigurationList = 846E237822D3C61D0090FFAB /* Build configuration list for PBXNativeTarget "How-To" */;
			buildPhases = (
				846E236222D3C61A0090FFAB /* Sources */,
				846E236322D3C61A0090FFAB /* Frameworks */,
				846E236422D3C61A0090FFAB /* Resources */,
			);
			buildRules = (
			);
			dependencies = (
			);
			name = "How-To";
			productName = "How-To";
			productReference = 846E236622D3C61A0090FFAB /* How-To.app */;
			productType = "com.apple.product-type.application";
		};
/* End PBXNativeTarget section */

/* Begin PBXProject section */
		846E235E22D3C61A0090FFAB /* Project object */ = {
			isa = PBXProject;
			attributes = {
				LastSwiftUpdateCheck = 1020;
				LastUpgradeCheck = 1020;
				ORGANIZATIONNAME = "Audrey Welch";
				TargetAttributes = {
					846E236522D3C61A0090FFAB = {
						CreatedOnToolsVersion = 10.2.1;
					};
				};
			};
			buildConfigurationList = 846E236122D3C61A0090FFAB /* Build configuration list for PBXProject "How-To" */;
			compatibilityVersion = "Xcode 9.3";
			developmentRegion = en;
			hasScannedForEncodings = 0;
			knownRegions = (
				en,
				Base,
			);
			mainGroup = 846E235D22D3C61A0090FFAB;
			productRefGroup = 846E236722D3C61A0090FFAB /* Products */;
			projectDirPath = "";
			projectRoot = "";
			targets = (
				846E236522D3C61A0090FFAB /* How-To */,
			);
		};
/* End PBXProject section */

/* Begin PBXResourcesBuildPhase section */
		846E236422D3C61A0090FFAB /* Resources */ = {
			isa = PBXResourcesBuildPhase;
			buildActionMask = 2147483647;
			files = (
				846E237422D3C61D0090FFAB /* LaunchScreen.storyboard in Resources */,
				846E237122D3C61D0090FFAB /* Assets.xcassets in Resources */,
				846E236F22D3C61A0090FFAB /* Main.storyboard in Resources */,
			);
			runOnlyForDeploymentPostprocessing = 0;
		};
/* End PBXResourcesBuildPhase section */

/* Begin PBXSourcesBuildPhase section */
		846E236222D3C61A0090FFAB /* Sources */ = {
			isa = PBXSourcesBuildPhase;
			buildActionMask = 2147483647;
			files = (
				846E238F22D52F0D0090FFAB /* CreateViewController.swift in Sources */,
				846E239722D551BC0090FFAB /* LoginController.swift in Sources */,
				846E238B22D4076A0090FFAB /* GuideTableViewCell.swift in Sources */,
				846E239F22D64AAF0090FFAB /* LoginViewController.swift in Sources */,
				846E239D22D566010090FFAB /* CategoryController.swift in Sources */,
				846E239322D54DC60090FFAB /* Guide.swift in Sources */,
				846E238522D3F5F90090FFAB /* SearchViewController.swift in Sources */,
				846E238922D4072B0090FFAB /* GuideCollectionViewCell.swift in Sources */,
				846E238722D404D40090FFAB /* SearchResultsViewController.swift in Sources */,
				846E239122D54D2A0090FFAB /* User.swift in Sources */,
				846E23A122D64ABF0090FFAB /* SignUpViewController.swift in Sources */,
				846E236A22D3C61A0090FFAB /* AppDelegate.swift in Sources */,
				846E238322D3F5130090FFAB /* HomeViewController.swift in Sources */,
				846E238D22D416590090FFAB /* StarCustomControl.swift in Sources */,
				846E239B22D565F00090FFAB /* GuideController.swift in Sources */,
				846E239522D54E4F0090FFAB /* Category.swift in Sources */,
			);
			runOnlyForDeploymentPostprocessing = 0;
		};
/* End PBXSourcesBuildPhase section */

/* Begin PBXVariantGroup section */
		846E236D22D3C61A0090FFAB /* Main.storyboard */ = {
			isa = PBXVariantGroup;
			children = (
				846E236E22D3C61A0090FFAB /* Base */,
			);
			name = Main.storyboard;
			sourceTree = "<group>";
		};
		846E237222D3C61D0090FFAB /* LaunchScreen.storyboard */ = {
			isa = PBXVariantGroup;
			children = (
				846E237322D3C61D0090FFAB /* Base */,
			);
			name = LaunchScreen.storyboard;
			sourceTree = "<group>";
		};
/* End PBXVariantGroup section */

/* Begin XCBuildConfiguration section */
		846E237622D3C61D0090FFAB /* Debug */ = {
			isa = XCBuildConfiguration;
			buildSettings = {
				ALWAYS_SEARCH_USER_PATHS = NO;
				CLANG_ANALYZER_NONNULL = YES;
				CLANG_ANALYZER_NUMBER_OBJECT_CONVERSION = YES_AGGRESSIVE;
				CLANG_CXX_LANGUAGE_STANDARD = "gnu++14";
				CLANG_CXX_LIBRARY = "libc++";
				CLANG_ENABLE_MODULES = YES;
				CLANG_ENABLE_OBJC_ARC = YES;
				CLANG_ENABLE_OBJC_WEAK = YES;
				CLANG_WARN_BLOCK_CAPTURE_AUTORELEASING = YES;
				CLANG_WARN_BOOL_CONVERSION = YES;
				CLANG_WARN_COMMA = YES;
				CLANG_WARN_CONSTANT_CONVERSION = YES;
				CLANG_WARN_DEPRECATED_OBJC_IMPLEMENTATIONS = YES;
				CLANG_WARN_DIRECT_OBJC_ISA_USAGE = YES_ERROR;
				CLANG_WARN_DOCUMENTATION_COMMENTS = YES;
				CLANG_WARN_EMPTY_BODY = YES;
				CLANG_WARN_ENUM_CONVERSION = YES;
				CLANG_WARN_INFINITE_RECURSION = YES;
				CLANG_WARN_INT_CONVERSION = YES;
				CLANG_WARN_NON_LITERAL_NULL_CONVERSION = YES;
				CLANG_WARN_OBJC_IMPLICIT_RETAIN_SELF = YES;
				CLANG_WARN_OBJC_LITERAL_CONVERSION = YES;
				CLANG_WARN_OBJC_ROOT_CLASS = YES_ERROR;
				CLANG_WARN_RANGE_LOOP_ANALYSIS = YES;
				CLANG_WARN_STRICT_PROTOTYPES = YES;
				CLANG_WARN_SUSPICIOUS_MOVE = YES;
				CLANG_WARN_UNGUARDED_AVAILABILITY = YES_AGGRESSIVE;
				CLANG_WARN_UNREACHABLE_CODE = YES;
				CLANG_WARN__DUPLICATE_METHOD_MATCH = YES;
				CODE_SIGN_IDENTITY = "iPhone Developer";
				COPY_PHASE_STRIP = NO;
				DEBUG_INFORMATION_FORMAT = dwarf;
				ENABLE_STRICT_OBJC_MSGSEND = YES;
				ENABLE_TESTABILITY = YES;
				GCC_C_LANGUAGE_STANDARD = gnu11;
				GCC_DYNAMIC_NO_PIC = NO;
				GCC_NO_COMMON_BLOCKS = YES;
				GCC_OPTIMIZATION_LEVEL = 0;
				GCC_PREPROCESSOR_DEFINITIONS = (
					"DEBUG=1",
					"$(inherited)",
				);
				GCC_WARN_64_TO_32_BIT_CONVERSION = YES;
				GCC_WARN_ABOUT_RETURN_TYPE = YES_ERROR;
				GCC_WARN_UNDECLARED_SELECTOR = YES;
				GCC_WARN_UNINITIALIZED_AUTOS = YES_AGGRESSIVE;
				GCC_WARN_UNUSED_FUNCTION = YES;
				GCC_WARN_UNUSED_VARIABLE = YES;
				IPHONEOS_DEPLOYMENT_TARGET = 12.2;
				MTL_ENABLE_DEBUG_INFO = INCLUDE_SOURCE;
				MTL_FAST_MATH = YES;
				ONLY_ACTIVE_ARCH = YES;
				SDKROOT = iphoneos;
				SWIFT_ACTIVE_COMPILATION_CONDITIONS = DEBUG;
				SWIFT_OPTIMIZATION_LEVEL = "-Onone";
			};
			name = Debug;
		};
		846E237722D3C61D0090FFAB /* Release */ = {
			isa = XCBuildConfiguration;
			buildSettings = {
				ALWAYS_SEARCH_USER_PATHS = NO;
				CLANG_ANALYZER_NONNULL = YES;
				CLANG_ANALYZER_NUMBER_OBJECT_CONVERSION = YES_AGGRESSIVE;
				CLANG_CXX_LANGUAGE_STANDARD = "gnu++14";
				CLANG_CXX_LIBRARY = "libc++";
				CLANG_ENABLE_MODULES = YES;
				CLANG_ENABLE_OBJC_ARC = YES;
				CLANG_ENABLE_OBJC_WEAK = YES;
				CLANG_WARN_BLOCK_CAPTURE_AUTORELEASING = YES;
				CLANG_WARN_BOOL_CONVERSION = YES;
				CLANG_WARN_COMMA = YES;
				CLANG_WARN_CONSTANT_CONVERSION = YES;
				CLANG_WARN_DEPRECATED_OBJC_IMPLEMENTATIONS = YES;
				CLANG_WARN_DIRECT_OBJC_ISA_USAGE = YES_ERROR;
				CLANG_WARN_DOCUMENTATION_COMMENTS = YES;
				CLANG_WARN_EMPTY_BODY = YES;
				CLANG_WARN_ENUM_CONVERSION = YES;
				CLANG_WARN_INFINITE_RECURSION = YES;
				CLANG_WARN_INT_CONVERSION = YES;
				CLANG_WARN_NON_LITERAL_NULL_CONVERSION = YES;
				CLANG_WARN_OBJC_IMPLICIT_RETAIN_SELF = YES;
				CLANG_WARN_OBJC_LITERAL_CONVERSION = YES;
				CLANG_WARN_OBJC_ROOT_CLASS = YES_ERROR;
				CLANG_WARN_RANGE_LOOP_ANALYSIS = YES;
				CLANG_WARN_STRICT_PROTOTYPES = YES;
				CLANG_WARN_SUSPICIOUS_MOVE = YES;
				CLANG_WARN_UNGUARDED_AVAILABILITY = YES_AGGRESSIVE;
				CLANG_WARN_UNREACHABLE_CODE = YES;
				CLANG_WARN__DUPLICATE_METHOD_MATCH = YES;
				CODE_SIGN_IDENTITY = "iPhone Developer";
				COPY_PHASE_STRIP = NO;
				DEBUG_INFORMATION_FORMAT = "dwarf-with-dsym";
				ENABLE_NS_ASSERTIONS = NO;
				ENABLE_STRICT_OBJC_MSGSEND = YES;
				GCC_C_LANGUAGE_STANDARD = gnu11;
				GCC_NO_COMMON_BLOCKS = YES;
				GCC_WARN_64_TO_32_BIT_CONVERSION = YES;
				GCC_WARN_ABOUT_RETURN_TYPE = YES_ERROR;
				GCC_WARN_UNDECLARED_SELECTOR = YES;
				GCC_WARN_UNINITIALIZED_AUTOS = YES_AGGRESSIVE;
				GCC_WARN_UNUSED_FUNCTION = YES;
				GCC_WARN_UNUSED_VARIABLE = YES;
				IPHONEOS_DEPLOYMENT_TARGET = 12.2;
				MTL_ENABLE_DEBUG_INFO = NO;
				MTL_FAST_MATH = YES;
				SDKROOT = iphoneos;
				SWIFT_COMPILATION_MODE = wholemodule;
				SWIFT_OPTIMIZATION_LEVEL = "-O";
				VALIDATE_PRODUCT = YES;
			};
			name = Release;
		};
		846E237922D3C61D0090FFAB /* Debug */ = {
			isa = XCBuildConfiguration;
			buildSettings = {
				ASSETCATALOG_COMPILER_APPICON_NAME = AppIcon;
				CODE_SIGN_STYLE = Automatic;
				DEVELOPMENT_TEAM = BH59G2VDQ6;
				INFOPLIST_FILE = "How-To/Resources/Info.plist";
				LD_RUNPATH_SEARCH_PATHS = (
					"$(inherited)",
					"@executable_path/Frameworks",
				);
				PRODUCT_BUNDLE_IDENTIFIER = "com.audreywelch.How-To";
				PRODUCT_NAME = "$(TARGET_NAME)";
				SWIFT_VERSION = 5.0;
				TARGETED_DEVICE_FAMILY = "1,2";
			};
			name = Debug;
		};
		846E237A22D3C61D0090FFAB /* Release */ = {
			isa = XCBuildConfiguration;
			buildSettings = {
				ASSETCATALOG_COMPILER_APPICON_NAME = AppIcon;
				CODE_SIGN_STYLE = Automatic;
				DEVELOPMENT_TEAM = BH59G2VDQ6;
				INFOPLIST_FILE = "How-To/Resources/Info.plist";
				LD_RUNPATH_SEARCH_PATHS = (
					"$(inherited)",
					"@executable_path/Frameworks",
				);
				PRODUCT_BUNDLE_IDENTIFIER = "com.audreywelch.How-To";
				PRODUCT_NAME = "$(TARGET_NAME)";
				SWIFT_VERSION = 5.0;
				TARGETED_DEVICE_FAMILY = "1,2";
			};
			name = Release;
		};
/* End XCBuildConfiguration section */

/* Begin XCConfigurationList section */
		846E236122D3C61A0090FFAB /* Build configuration list for PBXProject "How-To" */ = {
			isa = XCConfigurationList;
			buildConfigurations = (
				846E237622D3C61D0090FFAB /* Debug */,
				846E237722D3C61D0090FFAB /* Release */,
			);
			defaultConfigurationIsVisible = 0;
			defaultConfigurationName = Release;
		};
		846E237822D3C61D0090FFAB /* Build configuration list for PBXNativeTarget "How-To" */ = {
			isa = XCConfigurationList;
			buildConfigurations = (
				846E237922D3C61D0090FFAB /* Debug */,
				846E237A22D3C61D0090FFAB /* Release */,
			);
			defaultConfigurationIsVisible = 0;
			defaultConfigurationName = Release;
		};
/* End XCConfigurationList section */
	};
	rootObject = 846E235E22D3C61A0090FFAB /* Project object */;
}
